{
  "name": "supabase-cms-client-nested-build-proxy",
  "version": "1.0.0",
  "lockfileVersion": 3,
  "requires": true,
  "packages": {
    "": {
      "name": "supabase-cms-client-nested-build-proxy",
      "version": "1.0.0",
      "dependencies": {
        "supabase-cms-client": "file:.."
      }
    },
    "..": {
      "name": "supabase-cms-client",
      "version": "1.0.0",
      "dependencies": {
        "@supabase/supabase-js": "^2.49.8",
        "react": "^19.0.0",
        "react-dom": "^19.0.0",
        "react-router-dom": "^7.5.3"
      },
      "devDependencies": {
        "@vitejs/plugin-react": "^5.0.0",
        "eslint": "^9.25.1",
        "eslint-plugin-react-hooks": "^5.2.0",
        "eslint-plugin-react-refresh": "^0.4.19",
        "vite": "^8.0.0"
      }
    },
    "node_modules/supabase-cms-client": {
      "resolved": "..",
      "link": true
    }
  }
}
